
Microsoft Visual Studio Solution File, Format Version 12.00
# Visual Studio Version 17
VisualStudioVersion = 17.11.35312.102
MinimumVisualStudioVersion = 10.0.40219.1
Project("{9A19103F-16F7-4668-BE54-9A1E7A4F7556}") = "AlzaProduct.Api", "src\AlzaProduct.Api\AlzaProduct.Api.csproj", "{EF27A63F-5439-453B-9199-23BD98EC1209}"
EndProject
Project("{9A19103F-16F7-4668-BE54-9A1E7A4F7556}") = "AlzaProduct.Core", "src\AlzaProduct.Core\AlzaProduct.Core.csproj", "{D23FA86E-607A-48B3-A69E-8605837D9FDA}"
EndProject
Project("{9A19103F-16F7-4668-BE54-9A1E7A4F7556}") = "AlzaProduct.Persistent.EF", "src\persistent\AlzaProduct.Persistent.EF\AlzaProduct.Persistent.EF.csproj", "{A7055210-9D1E-4184-9C30-655FAB84C475}"
EndProject
Project("{2150E333-8FDC-42A3-9474-1A3956D46DE8}") = "persistent", "persistent", "{5A15A02A-E01E-446B-9DEF-BD121BF97F5B}"
EndProject
Project("{9A19103F-16F7-4668-BE54-9A1E7A4F7556}") = "AlzaProduct.Api.UnitTests", "tests\AlzaProduct.Api.UnitTests\AlzaProduct.Api.UnitTests.csproj", "{6976F26F-6902-4E48-8382-00B0CC51FDB4}"
EndProject
Project("{2150E333-8FDC-42A3-9474-1A3956D46DE8}") = "tests", "tests", "{D2A9EFA4-6B61-4D5D-B55C-487A7F593125}"
EndProject
Project("{2150E333-8FDC-42A3-9474-1A3956D46DE8}") = "persistent", "persistent", "{21869314-17B5-4B05-9A17-BEECF36D2BFE}"
EndProject
Project("{9A19103F-16F7-4668-BE54-9A1E7A4F7556}") = "AlzaProduct.Persistent.EF.UnitTests", "tests\persistent\AlzaProduct.Persistent.EF.UnitTests\AlzaProduct.Persistent.EF.UnitTests.csproj", "{617A216C-FC0C-4C5B-AE4E-1EA108D9C185}"
EndProject
Project("{9A19103F-16F7-4668-BE54-9A1E7A4F7556}") = "AlzaProduct.BindingsProvider", "src\AlzaProduct.BindingsProvider\AlzaProduct.BindingsProvider.csproj", "{E31B7484-B432-421F-9E8D-06A72AB29601}"
EndProject
Global
	GlobalSection(SolutionConfigurationPlatforms) = preSolution
		Debug|Any CPU = Debug|Any CPU
		Release|Any CPU = Release|Any CPU
	EndGlobalSection
	GlobalSection(ProjectConfigurationPlatforms) = postSolution
		{EF27A63F-5439-453B-9199-23BD98EC1209}.Debug|Any CPU.ActiveCfg = Debug|Any CPU
		{EF27A63F-5439-453B-9199-23BD98EC1209}.Debug|Any CPU.Build.0 = Debug|Any CPU
		{EF27A63F-5439-453B-9199-23BD98EC1209}.Release|Any CPU.ActiveCfg = Release|Any CPU
		{EF27A63F-5439-453B-9199-23BD98EC1209}.Release|Any CPU.Build.0 = Release|Any CPU
		{D23FA86E-607A-48B3-A69E-8605837D9FDA}.Debug|Any CPU.ActiveCfg = Debug|Any CPU
		{D23FA86E-607A-48B3-A69E-8605837D9FDA}.Debug|Any CPU.Build.0 = Debug|Any CPU
		{D23FA86E-607A-48B3-A69E-8605837D9FDA}.Release|Any CPU.ActiveCfg = Release|Any CPU
		{D23FA86E-607A-48B3-A69E-8605837D9FDA}.Release|Any CPU.Build.0 = Release|Any CPU
		{A7055210-9D1E-4184-9C30-655FAB84C475}.Debug|Any CPU.ActiveCfg = Debug|Any CPU
		{A7055210-9D1E-4184-9C30-655FAB84C475}.Debug|Any CPU.Build.0 = Debug|Any CPU
		{A7055210-9D1E-4184-9C30-655FAB84C475}.Release|Any CPU.ActiveCfg = Release|Any CPU
		{A7055210-9D1E-4184-9C30-655FAB84C475}.Release|Any CPU.Build.0 = Release|Any CPU
		{6976F26F-6902-4E48-8382-00B0CC51FDB4}.Debug|Any CPU.ActiveCfg = Debug|Any CPU
		{6976F26F-6902-4E48-8382-00B0CC51FDB4}.Debug|Any CPU.Build.0 = Debug|Any CPU
		{6976F26F-6902-4E48-8382-00B0CC51FDB4}.Release|Any CPU.ActiveCfg = Release|Any CPU
		{6976F26F-6902-4E48-8382-00B0CC51FDB4}.Release|Any CPU.Build.0 = Release|Any CPU
		{617A216C-FC0C-4C5B-AE4E-1EA108D9C185}.Debug|Any CPU.ActiveCfg = Debug|Any CPU
		{617A216C-FC0C-4C5B-AE4E-1EA108D9C185}.Debug|Any CPU.Build.0 = Debug|Any CPU
		{617A216C-FC0C-4C5B-AE4E-1EA108D9C185}.Release|Any CPU.ActiveCfg = Release|Any CPU
		{617A216C-FC0C-4C5B-AE4E-1EA108D9C185}.Release|Any CPU.Build.0 = Release|Any CPU
		{E31B7484-B432-421F-9E8D-06A72AB29601}.Debug|Any CPU.ActiveCfg = Debug|Any CPU
		{E31B7484-B432-421F-9E8D-06A72AB29601}.Debug|Any CPU.Build.0 = Debug|Any CPU
		{E31B7484-B432-421F-9E8D-06A72AB29601}.Release|Any CPU.ActiveCfg = Release|Any CPU
		{E31B7484-B432-421F-9E8D-06A72AB29601}.Release|Any CPU.Build.0 = Release|Any CPU
	EndGlobalSection
	GlobalSection(SolutionProperties) = preSolution
		HideSolutionNode = FALSE
	EndGlobalSection
	GlobalSection(NestedProjects) = preSolution
		{A7055210-9D1E-4184-9C30-655FAB84C475} = {5A15A02A-E01E-446B-9DEF-BD121BF97F5B}
		{6976F26F-6902-4E48-8382-00B0CC51FDB4} = {D2A9EFA4-6B61-4D5D-B55C-487A7F593125}
		{21869314-17B5-4B05-9A17-BEECF36D2BFE} = {D2A9EFA4-6B61-4D5D-B55C-487A7F593125}
		{617A216C-FC0C-4C5B-AE4E-1EA108D9C185} = {21869314-17B5-4B05-9A17-BEECF36D2BFE}
	EndGlobalSection
	GlobalSection(ExtensibilityGlobals) = postSolution
		SolutionGuid = {17C640B0-F867-452A-8D61-CE4365ADDD6C}
	EndGlobalSection
EndGlobal
